
Microsoft Visual Studio Solution File, Format Version 12.00
# Visual Studio Version 17
VisualStudioVersion = 17.7.34031.279
MinimumVisualStudioVersion = 10.0.40219.1
Project("{FAE04EC0-301F-11D3-BF4B-00C04F79EFBC}") = "Aves c#", "Aves c#\Aves c#.csproj", "{605CFF85-D5BF-40AD-A122-59CDD3AACE03}"
EndProject
Global
	GlobalSection(SolutionConfigurationPlatforms) = preSolution
		Debug|Any CPU = Debug|Any CPU
		Release|Any CPU = Release|Any CPU
	EndGlobalSection
	GlobalSection(ProjectConfigurationPlatforms) = postSolution
		{605CFF85-D5BF-40AD-A122-59CDD3AACE03}.Debug|Any CPU.ActiveCfg = Debug|Any CPU
		{605CFF85-D5BF-40AD-A122-59CDD3AACE03}.Debug|Any CPU.Build.0 = Debug|Any CPU
		{605CFF85-D5BF-40AD-A122-59CDD3AACE03}.Release|Any CPU.ActiveCfg = Release|Any CPU
		{605CFF85-D5BF-40AD-A122-59CDD3AACE03}.Release|Any CPU.Build.0 = Release|Any CPU
	EndGlobalSection
	GlobalSection(SolutionProperties) = preSolution
		HideSolutionNode = FALSE
	EndGlobalSection
	GlobalSection(ExtensibilityGlobals) = postSolution
		SolutionGuid = {89B9B3E2-7AB9-4992-A88C-06E291075FEC}
	EndGlobalSection
EndGlobal
